{
  "lockfileVersion": 1,
  "configVersion": 0,
  "workspaces": {
    "": {
      "name": "aws",
      "dependencies": {
        "sst": "^4.1.3",
      },
    },
  },
  "packages": {
    "aws4fetch": ["aws4fetch@1.0.18", "", {}, "sha512-3Cf+YaUl07p24MoQ46rFwulAmiyCwH2+1zw1ZyPAX5OtJ34Hh185DwB8y/qRLb6cYYYtSFJ9pthyLc0MD4e8sQ=="],

    "jose": ["jose@5.2.3", "", {}, "sha512-KUXdbctm1uHVL8BYhnyHkgp3zDX5KW8ZhAKVFEfUbU2P8Alpzjb+48hHvjOdQIyPshoblhzsuqOwEEAbtHVirA=="],

    "lru-cache": ["lru-cache@6.0.0", "", { "dependencies": { "yallist": "^4.0.0" } }, "sha512-Jo6dJ04CmSjuznwJSS3pUeWmd/H0ffTlkXXgwZi+eq1UCmqQwCh+eLsYOYCwY991i2Fah4h1BEMCx4qThGbsiA=="],

    "object-hash": ["object-hash@2.2.0", "", {}, "sha512-gScRMn0bS5fH+IuwyIFgnh9zBdo4DV+6GhygmWM9HyNJSgS0hScp1f5vjtm7oIIOiT9trXrShAkLFSc2IqKNgw=="],

    "oidc-token-hash": ["oidc-token-hash@5.2.0", "", {}, "sha512-6gj2m8cJZ+iSW8bm0FXdGF0YhIQbKrfP4yWTNzxc31U6MOjfEmB1rHvlYvxI1B7t7BCi1F2vYTT6YhtQRG4hxw=="],

    "openid-client": ["openid-client@5.6.4", "", { "dependencies": { "jose": "^4.15.4", "lru-cache": "^6.0.0", "object-hash": "^2.2.0", "oidc-token-hash": "^5.0.3" } }, "sha512-T1h3B10BRPKfcObdBklX639tVz+xh34O7GjofqrqiAQdm7eHsQ00ih18x6wuJ/E6FxdtS2u3FmUGPDeEcMwzNA=="],

    "sst": ["sst@4.1.3", "", { "dependencies": { "aws4fetch": "1.0.18", "jose": "5.2.3", "openid-client": "5.6.4" }, "optionalDependencies": { "sst-darwin-arm64": "4.1.3", "sst-darwin-x64": "4.1.3", "sst-linux-arm64": "4.1.3", "sst-linux-x64": "4.1.3", "sst-linux-x86": "4.1.3", "sst-win32-arm64": "4.1.3", "sst-win32-x64": "4.1.3", "sst-win32-x86": "4.1.3" }, "bin": "bin/sst.mjs" }, "sha512-CFfGsWnYC1HNFIoZWlfe8tcffmRQmFoDuMySfZF8doDEpoT0tSzO5TdMCHxmbMoBZ8/ZySpiDbp9KMvBEa2smg=="],

    "sst-darwin-arm64": ["sst-darwin-arm64@4.1.3", "", { "os": "darwin", "cpu": "arm64" }, "sha512-ZGbMtVHWMJH3/+VFXXO1jAueWAib8EPExgTtoxZN6WEUz+5mvfOd+jz0dq6qL0F9QAyc9P/RZw+CnWdEvUNrmg=="],

    "sst-darwin-x64": ["sst-darwin-x64@4.1.3", "", { "os": "darwin", "cpu": "x64" }, "sha512-X8Ea7ao82Pjqqr0v46mb1XMKTXfWcIaPQDLqwksjjll15M1xCXJTefN9YRSpHl+4Zd5g7JtF1AV4FgM48cF8gA=="],

    "sst-linux-arm64": ["sst-linux-arm64@4.1.3", "", { "os": "linux", "cpu": "arm64" }, "sha512-dDGqPJwB3RQ4VM5fn8Yzd9rJqRscYm0ueDoiPd/zTec+NfsziIR7duqBlrxS18q5OX6dmWeOxJqbhxvSseHMwQ=="],

    "sst-linux-x64": ["sst-linux-x64@4.1.3", "", { "os": "linux", "cpu": "x64" }, "sha512-i9LjiU5fsJ2iY9tB/vBCaD4MYAog/zmyIG5ApKe4kHIMVKzg/uSpuPON+A/AsJVKlsoDJzjM3sFjjfrH4GoHiA=="],

    "sst-linux-x86": ["sst-linux-x86@4.1.3", "", { "os": "linux", "cpu": "none" }, "sha512-z6AXpFB0WXlGvd+1C+g/3H2O11huWT/Mt/ANyd/OXUYxMtmfkIuJrBpcirXYErJOAPjMfXuBS3X7iqYAhkMpHA=="],

    "sst-win32-arm64": ["sst-win32-arm64@4.1.3", "", { "os": "win32", "cpu": "arm64" }, "sha512-DyBTtJ+vB0qDGtx2MVtqXDZOTegoCLZ3TX6AYZUZJZTSdvxJq1oYPX5sdhLB/c2UETQSxIBfoUDnTzJHwIyXDQ=="],

    "sst-win32-x64": ["sst-win32-x64@4.1.3", "", { "os": "win32", "cpu": "x64" }, "sha512-dR9XXjWpH7GzMapdk3JEz0qtHuaEHkgItAqWGGI6YTdSi7wx51/l3F3g76hBfzK+vtmwYkp/ZT4WVXXQ5DKwAQ=="],

    "sst-win32-x86": ["sst-win32-x86@4.1.3", "", { "os": "win32", "cpu": "none" }, "sha512-M1q0L+7313M4WazuWQpHcK1tnA2TObanvKSQqOm5Knn8y2+2v4OZNpNcyKp/zBRlystyu8P0kcCQFsCU0zKK/A=="],

    "yallist": ["yallist@4.0.0", "", {}, "sha512-3wdGidZyq5PB084XLES5TpOSRA3wjXAlIWMhum2kRcv/41Sn2emQ0dycQW4uZXLejwKvg6EsvbdlVL+FYEct7A=="],

    "openid-client/jose": ["jose@4.15.9", "", {}, "sha512-1vUQX+IdDMVPj4k8kOxgUqlcK518yluMuGZwqlr44FS1ppZB/5GWh4rZG89erpOBOJjU/OBsnCVFfapsRz6nEA=="],
  }
}
